
Microsoft Visual Studio Solution File, Format Version 12.00
# Visual Studio Version 16
VisualStudioVersion = 16.0.29025.244
MinimumVisualStudioVersion = 10.0.40219.1
Project("{FAE04EC0-301F-11D3-BF4B-00C04F79EFBC}") = "SzkolaJezykowaIO", "SzkolaJezykowaIO\SzkolaJezykowaIO.csproj", "{80EE788B-67F9-4B83-B316-B69A0C321D04}"
EndProject
Project("{FAE04EC0-301F-11D3-BF4B-00C04F79EFBC}") = "SzkolaJezykowaTesty", "SzkolaJezykowaTesty\SzkolaJezykowaTesty.csproj", "{BE7FCC45-169A-4F34-BE37-A2A378DB6A07}"
EndProject
Global
	GlobalSection(SolutionConfigurationPlatforms) = preSolution
		Debug|Any CPU = Debug|Any CPU
		Release|Any CPU = Release|Any CPU
	EndGlobalSection
	GlobalSection(ProjectConfigurationPlatforms) = postSolution
		{80EE788B-67F9-4B83-B316-B69A0C321D04}.Debug|Any CPU.ActiveCfg = Debug|Any CPU
		{80EE788B-67F9-4B83-B316-B69A0C321D04}.Debug|Any CPU.Build.0 = Debug|Any CPU
		{80EE788B-67F9-4B83-B316-B69A0C321D04}.Release|Any CPU.ActiveCfg = Release|Any CPU
		{80EE788B-67F9-4B83-B316-B69A0C321D04}.Release|Any CPU.Build.0 = Release|Any CPU
		{BE7FCC45-169A-4F34-BE37-A2A378DB6A07}.Debug|Any CPU.ActiveCfg = Debug|Any CPU
		{BE7FCC45-169A-4F34-BE37-A2A378DB6A07}.Debug|Any CPU.Build.0 = Debug|Any CPU
		{BE7FCC45-169A-4F34-BE37-A2A378DB6A07}.Release|Any CPU.ActiveCfg = Release|Any CPU
		{BE7FCC45-169A-4F34-BE37-A2A378DB6A07}.Release|Any CPU.Build.0 = Release|Any CPU
	EndGlobalSection
	GlobalSection(SolutionProperties) = preSolution
		HideSolutionNode = FALSE
	EndGlobalSection
	GlobalSection(ExtensibilityGlobals) = postSolution
		SolutionGuid = {78502318-D50C-4122-8D04-5E25060BB262}
	EndGlobalSection
EndGlobal
